
Microsoft Visual Studio Solution File, Format Version 12.00
# Visual Studio Version 16
VisualStudioVersion = 16.0.29102.190
MinimumVisualStudioVersion = 10.0.40219.1
Project("{FAE04EC0-301F-11D3-BF4B-00C04F79EFBC}") = "DustloopFDScraper", "DustloopFDScraper.csproj", "{71799938-D4DA-485A-B026-1C0361A7896D}"
EndProject
Global
	GlobalSection(SolutionConfigurationPlatforms) = preSolution
		Debug|Any CPU = Debug|Any CPU
		Release|Any CPU = Release|Any CPU
	EndGlobalSection
	GlobalSection(ProjectConfigurationPlatforms) = postSolution
		{71799938-D4DA-485A-B026-1C0361A7896D}.Debug|Any CPU.ActiveCfg = Debug|Any CPU
		{71799938-D4DA-485A-B026-1C0361A7896D}.Debug|Any CPU.Build.0 = Debug|Any CPU
		{71799938-D4DA-485A-B026-1C0361A7896D}.Release|Any CPU.ActiveCfg = Release|Any CPU
		{71799938-D4DA-485A-B026-1C0361A7896D}.Release|Any CPU.Build.0 = Release|Any CPU
	EndGlobalSection
	GlobalSection(SolutionProperties) = preSolution
		HideSolutionNode = FALSE
	EndGlobalSection
	GlobalSection(ExtensibilityGlobals) = postSolution
		SolutionGuid = {8EC78751-DC8F-4B9D-B06E-500EA84CDFAB}
	EndGlobalSection
EndGlobal
